
Microsoft Visual Studio Solution File, Format Version 12.00
# Visual Studio Version 16
VisualStudioVersion = 16.0.29920.165
MinimumVisualStudioVersion = 10.0.40219.1
Project("{FAE04EC0-301F-11D3-BF4B-00C04F79EFBC}") = "PCP13_CoinCV", "PCP13_CoinCV\PCP13_CoinCV.csproj", "{3DC115D4-4317-41A5-A625-F243E3D65575}"
EndProject
Global
	GlobalSection(SolutionConfigurationPlatforms) = preSolution
		Debug|Any CPU = Debug|Any CPU
		Release|Any CPU = Release|Any CPU
	EndGlobalSection
	GlobalSection(ProjectConfigurationPlatforms) = postSolution
		{3DC115D4-4317-41A5-A625-F243E3D65575}.Debug|Any CPU.ActiveCfg = Debug|Any CPU
		{3DC115D4-4317-41A5-A625-F243E3D65575}.Debug|Any CPU.Build.0 = Debug|Any CPU
		{3DC115D4-4317-41A5-A625-F243E3D65575}.Release|Any CPU.ActiveCfg = Release|Any CPU
		{3DC115D4-4317-41A5-A625-F243E3D65575}.Release|Any CPU.Build.0 = Release|Any CPU
	EndGlobalSection
	GlobalSection(SolutionProperties) = preSolution
		HideSolutionNode = FALSE
	EndGlobalSection
	GlobalSection(ExtensibilityGlobals) = postSolution
		SolutionGuid = {530CD2AF-86EE-4C90-9B43-5A8FF3BA1F5A}
	EndGlobalSection
EndGlobal
